// !$*UTF8*$!
{
	archiveVersion = 1;
	classes = {
	};
	objectVersion = 48;
	objects = {

/* Begin PBXBuildFile section */
		375BC1EA1FB150FA00EB33D8 /* AppDelegate.swift in Sources */ = {isa = PBXBuildFile; fileRef = 375BC1E91FB150FA00EB33D8 /* AppDelegate.swift */; };
		375BC1EC1FB150FA00EB33D8 /* ViewController.swift in Sources */ = {isa = PBXBuildFile; fileRef = 375BC1EB1FB150FA00EB33D8 /* ViewController.swift */; };
		375BC1EF1FB150FA00EB33D8 /* Main.storyboard in Resources */ = {isa = PBXBuildFile; fileRef = 375BC1ED1FB150FA00EB33D8 /* Main.storyboard */; };
		375BC1F11FB150FA00EB33D8 /* Assets.xcassets in Resources */ = {isa = PBXBuildFile; fileRef = 375BC1F01FB150FA00EB33D8 /* Assets.xcassets */; };
		375BC1F41FB150FA00EB33D8 /* LaunchScreen.storyboard in Resources */ = {isa = PBXBuildFile; fileRef = 375BC1F21FB150FA00EB33D8 /* LaunchScreen.storyboard */; };
		375BC1FF1FB150FA00EB33D8 /* RainbowRoadUITests.swift in Sources */ = {isa = PBXBuildFile; fileRef = 375BC1FE1FB150FA00EB33D8 /* RainbowRoadUITests.swift */; };
/* End PBXBuildFile section */

/* Begin PBXContainerItemProxy section */
		375BC1FB1FB150FA00EB33D8 /* PBXContainerItemProxy */ = {
			isa = PBXContainerItemProxy;
			containerPortal = 375BC1DE1FB150FA00EB33D8 /* Project object */;
			proxyType = 1;
			remoteGlobalIDString = 375BC1E51FB150FA00EB33D8;
			remoteInfo = RainbowRoad;
		};
/* End PBXContainerItemProxy section */

/* Begin PBXFileReference section */
		375BC1E61FB150FA00EB33D8 /* RainbowRoad.app */ = {isa = PBXFileReference; explicitFileType = wrapper.application; includeInIndex = 0; path = RainbowRoad.app; sourceTree = BUILT_PRODUCTS_DIR; };
		375BC1E91FB150FA00EB33D8 /* AppDelegate.swift */ = {isa = PBXFileReference; lastKnownFileType = sourcecode.swift; path = AppDelegate.swift; sourceTree = "<group>"; };
		375BC1EB1FB150FA00EB33D8 /* ViewController.swift */ = {isa = PBXFileReference; lastKnownFileType = sourcecode.swift; path = ViewController.swift; sourceTree = "<group>"; };
		375BC1EE1FB150FA00EB33D8 /* Base */ = {isa = PBXFileReference; lastKnownFileType = file.storyboard; name = Base; path = Base.lproj/Main.storyboard; sourceTree = "<group>"; };
		375BC1F01FB150FA00EB33D8 /* Assets.xcassets */ = {isa = PBXFileReference; lastKnownFileType = folder.assetcatalog; path = Assets.xcassets; sourceTree = "<group>"; };
		375BC1F31FB150FA00EB33D8 /* Base */ = {isa = PBXFileReference; lastKnownFileType = file.storyboard; name = Base; path = Base.lproj/LaunchScreen.storyboard; sourceTree = "<group>"; };
		375BC1F51FB150FA00EB33D8 /* Info.plist */ = {isa = PBXFileReference; lastKnownFileType = text.plist.xml; path = Info.plist; sourceTree = "<group>"; };
		375BC1FA1FB150FA00EB33D8 /* RainbowRoadUITests.xctest */ = {isa = PBXFileReference; explicitFileType = wrapper.cfbundle; includeInIndex = 0; path = RainbowRoadUITests.xctest; sourceTree = BUILT_PRODUCTS_DIR; };
		375BC1FE1FB150FA00EB33D8 /* RainbowRoadUITests.swift */ = {isa = PBXFileReference; lastKnownFileType = sourcecode.swift; path = RainbowRoadUITests.swift; sourceTree = "<group>"; };
		375BC2001FB150FA00EB33D8 /* Info.plist */ = {isa = PBXFileReference; lastKnownFileType = text.plist.xml; path = Info.plist; sourceTree = "<group>"; };
/* End PBXFileReference section */

/* Begin PBXFrameworksBuildPhase section */
		375BC1E31FB150FA00EB33D8 /* Frameworks */ = {
			isa = PBXFrameworksBuildPhase;
			buildActionMask = 2147483647;
			files = (
			);
			runOnlyForDeploymentPostprocessing = 0;
		};
		375BC1F71FB150FA00EB33D8 /* Frameworks */ = {
			isa = PBXFrameworksBuildPhase;
			buildActionMask = 2147483647;
			files = (
			);
			runOnlyForDeploymentPostprocessing = 0;
		};
/* End PBXFrameworksBuildPhase section */

/* Begin PBXGroup section */
		375BC1DD1FB150FA00EB33D8 = {
			isa = PBXGroup;
			children = (
				375BC1E81FB150FA00EB33D8 /* RainbowRoad */,
				375BC1FD1FB150FA00EB33D8 /* RainbowRoadUITests */,
				375BC1E71FB150FA00EB33D8 /* Products */,
			);
			sourceTree = "<group>";
		};
		375BC1E71FB150FA00EB33D8 /* Products */ = {
			isa = PBXGroup;
			children = (
				375BC1E61FB150FA00EB33D8 /* RainbowRoad.app */,
				375BC1FA1FB150FA00EB33D8 /* RainbowRoadUITests.xctest */,
			);
			name = Products;
			sourceTree = "<group>";
		};
		375BC1E81FB150FA00EB33D8 /* RainbowRoad */ = {
			isa = PBXGroup;
			children = (
				375BC1E91FB150FA00EB33D8 /* AppDelegate.swift */,
				375BC1EB1FB150FA00EB33D8 /* ViewController.swift */,
				375BC1ED1FB150FA00EB33D8 /* Main.storyboard */,
				375BC1F01FB150FA00EB33D8 /* Assets.xcassets */,
				375BC1F21FB150FA00EB33D8 /* LaunchScreen.storyboard */,
				375BC1F51FB150FA00EB33D8 /* Info.plist */,
			);
			path = RainbowRoad;
			sourceTree = "<group>";
		};
		375BC1FD1FB150FA00EB33D8 /* RainbowRoadUITests */ = {
			isa = PBXGroup;
			children = (
				375BC1FE1FB150FA00EB33D8 /* RainbowRoadUITests.swift */,
				375BC2001FB150FA00EB33D8 /* Info.plist */,
			);
			path = RainbowRoadUITests;
			sourceTree = "<group>";
		};
/* End PBXGroup section */

/* Begin PBXNativeTarget section */
		375BC1E51FB150FA00EB33D8 /* RainbowRoad */ = {
			isa = PBXNativeTarget;
			buildConfigurationList = 375BC2031FB150FA00EB33D8 /* Build configuration list for PBXNativeTarget "RainbowRoad" */;
			buildPhases = (
				375BC1E21FB150FA00EB33D8 /* Sources */,
				375BC1E31FB150FA00EB33D8 /* Frameworks */,
				375BC1E41FB150FA00EB33D8 /* Resources */,
			);
			buildRules = (
			);
			dependencies = (
			);
			name = RainbowRoad;
			productName = RainbowRoad;
			productReference = 375BC1E61FB150FA00EB33D8 /* RainbowRoad.app */;
			productType = "com.apple.product-type.application";
		};
		375BC1F91FB150FA00EB33D8 /* RainbowRoadUITests */ = {
			isa = PBXNativeTarget;
			buildConfigurationList = 375BC2061FB150FA00EB33D8 /* Build configuration list for PBXNativeTarget "RainbowRoadUITests" */;
			buildPhases = (
				375BC1F61FB150FA00EB33D8 /* Sources */,
				375BC1F71FB150FA00EB33D8 /* Frameworks */,
				375BC1F81FB150FA00EB33D8 /* Resources */,
			);
			buildRules = (
			);
			dependencies = (
				375BC1FC1FB150FA00EB33D8 /* PBXTargetDependency */,
			);
			name = RainbowRoadUITests;
			productName = RainbowRoadUITests;
			productReference = 375BC1FA1FB150FA00EB33D8 /* RainbowRoadUITests.xctest */;
			productType = "com.apple.product-type.bundle.ui-testing";
		};
/* End PBXNativeTarget section */

/* Begin PBXProject section */
		375BC1DE1FB150FA00EB33D8 /* Project object */ = {
			isa = PBXProject;
			attributes = {
				LastSwiftUpdateCheck = 0910;
				LastUpgradeCheck = 0910;
				ORGANIZATIONNAME = "Kevin Pham";
				TargetAttributes = {
					375BC1E51FB150FA00EB33D8 = {
						CreatedOnToolsVersion = 9.1;
						ProvisioningStyle = Automatic;
					};
					375BC1F91FB150FA00EB33D8 = {
						CreatedOnToolsVersion = 9.1;
						ProvisioningStyle = Automatic;
						TestTargetID = 375BC1E51FB150FA00EB33D8;
					};
				};
			};
			buildConfigurationList = 375BC1E11FB150FA00EB33D8 /* Build configuration list for PBXProject "RainbowRoad" */;
			compatibilityVersion = "Xcode 8.0";
			developmentRegion = en;
			hasScannedForEncodings = 0;
			knownRegions = (
				en,
				Base,
			);
			mainGroup = 375BC1DD1FB150FA00EB33D8;
			productRefGroup = 375BC1E71FB150FA00EB33D8 /* Products */;
			projectDirPath = "";
			projectRoot = "";
			targets = (
				375BC1E51FB150FA00EB33D8 /* RainbowRoad */,
				375BC1F91FB150FA00EB33D8 /* RainbowRoadUITests */,
			);
		};
/* End PBXProject section */

/* Begin PBXResourcesBuildPhase section */
		375BC1E41FB150FA00EB33D8 /* Resources */ = {
			isa = PBXResourcesBuildPhase;
			buildActionMask = 2147483647;
			files = (
				375BC1F41FB150FA00EB33D8 /* LaunchScreen.storyboard in Resources */,
				375BC1F11FB150FA00EB33D8 /* Assets.xcassets in Resources */,
				375BC1EF1FB150FA00EB33D8 /* Main.storyboard in Resources */,
			);
			runOnlyForDeploymentPostprocessing = 0;
		};
		375BC1F81FB150FA00EB33D8 /* Resources */ = {
			isa = PBXResourcesBuildPhase;
			buildActionMask = 2147483647;
			files = (
			);
			runOnlyForDeploymentPostprocessing = 0;
		};
/* End PBXResourcesBuildPhase section */

/* Begin PBXSourcesBuildPhase section */
		375BC1E21FB150FA00EB33D8 /* Sources */ = {
			isa = PBXSourcesBuildPhase;
			buildActionMask = 2147483647;
			files = (
				375BC1EC1FB150FA00EB33D8 /* ViewController.swift in Sources */,
				375BC1EA1FB150FA00EB33D8 /* AppDelegate.swift in Sources */,
			);
			runOnlyForDeploymentPostprocessing = 0;
		};
		375BC1F61FB150FA00EB33D8 /* Sources */ = {
			isa = PBXSourcesBuildPhase;
			buildActionMask = 2147483647;
			files = (
				375BC1FF1FB150FA00EB33D8 /* RainbowRoadUITests.swift in Sources */,
			);
			runOnlyForDeploymentPostprocessing = 0;
		};
/* End PBXSourcesBuildPhase section */

/* Begin PBXTargetDependency section */
		375BC1FC1FB150FA00EB33D8 /* PBXTargetDependency */ = {
			isa = PBXTargetDependency;
			target = 375BC1E51FB150FA00EB33D8 /* RainbowRoad */;
			targetProxy = 375BC1FB1FB150FA00EB33D8 /* PBXContainerItemProxy */;
		};
/* End PBXTargetDependency section */

/* Begin PBXVariantGroup section */
		375BC1ED1FB150FA00EB33D8 /* Main.storyboard */ = {
			isa = PBXVariantGroup;
			children = (
				375BC1EE1FB150FA00EB33D8 /* Base */,
			);
			name = Main.storyboard;
			sourceTree = "<group>";
		};
		375BC1F21FB150FA00EB33D8 /* LaunchScreen.storyboard */ = {
			isa = PBXVariantGroup;
			children = (
				375BC1F31FB150FA00EB33D8 /* Base */,
			);
			name = LaunchScreen.storyboard;
			sourceTree = "<group>";
		};
/* End PBXVariantGroup section */

/* Begin XCBuildConfiguration section */
		375BC2011FB150FA00EB33D8 /* Debug */ = {
			isa = XCBuildConfiguration;
			buildSettings = {
				ALWAYS_SEARCH_USER_PATHS = NO;
				CLANG_ANALYZER_NONNULL = YES;
				CLANG_ANALYZER_NUMBER_OBJECT_CONVERSION = YES_AGGRESSIVE;
				CLANG_CXX_LANGUAGE_STANDARD = "gnu++14";
				CLANG_CXX_LIBRARY = "libc++";
				CLANG_ENABLE_MODULES = YES;
				CLANG_ENABLE_OBJC_ARC = YES;
				CLANG_WARN_BLOCK_CAPTURE_AUTORELEASING = YES;
				CLANG_WARN_BOOL_CONVERSION = YES;
				CLANG_WARN_COMMA = YES;
				CLANG_WARN_CONSTANT_CONVERSION = YES;
				CLANG_WARN_DIRECT_OBJC_ISA_USAGE = YES_ERROR;
				CLANG_WARN_DOCUMENTATION_COMMENTS = YES;
				CLANG_WARN_EMPTY_BODY = YES;
				CLANG_WARN_ENUM_CONVERSION = YES;
				CLANG_WARN_INFINITE_RECURSION = YES;
				CLANG_WARN_INT_CONVERSION = YES;
				CLANG_WARN_NON_LITERAL_NULL_CONVERSION = YES;
				CLANG_WARN_OBJC_LITERAL_CONVERSION = YES;
				CLANG_WARN_OBJC_ROOT_CLASS = YES_ERROR;
				CLANG_WARN_RANGE_LOOP_ANALYSIS = YES;
				CLANG_WARN_STRICT_PROTOTYPES = YES;
				CLANG_WARN_SUSPICIOUS_MOVE = YES;
				CLANG_WARN_UNGUARDED_AVAILABILITY = YES_AGGRESSIVE;
				CLANG_WARN_UNREACHABLE_CODE = YES;
				CLANG_WARN__DUPLICATE_METHOD_MATCH = YES;
				CODE_SIGN_IDENTITY = "iPhone Developer";
				COPY_PHASE_STRIP = NO;
				DEBUG_INFORMATION_FORMAT = dwarf;
				ENABLE_STRICT_OBJC_MSGSEND = YES;
				ENABLE_TESTABILITY = YES;
				GCC_C_LANGUAGE_STANDARD = gnu11;
				GCC_DYNAMIC_NO_PIC = NO;
				GCC_NO_COMMON_BLOCKS = YES;
				GCC_OPTIMIZATION_LEVEL = 0;
				GCC_PREPROCESSOR_DEFINITIONS = (
					"DEBUG=1",
					"$(inherited)",
				);
				GCC_WARN_64_TO_32_BIT_CONVERSION = YES;
				GCC_WARN_ABOUT_RETURN_TYPE = YES_ERROR;
				GCC_WARN_UNDECLARED_SELECTOR = YES;
				GCC_WARN_UNINITIALIZED_AUTOS = YES_AGGRESSIVE;
				GCC_WARN_UNUSED_FUNCTION = YES;
				GCC_WARN_UNUSED_VARIABLE = YES;
				IPHONEOS_DEPLOYMENT_TARGET = 11.1;
				MTL_ENABLE_DEBUG_INFO = YES;
				ONLY_ACTIVE_ARCH = YES;
				SDKROOT = iphoneos;
				SWIFT_ACTIVE_COMPILATION_CONDITIONS = DEBUG;
				SWIFT_OPTIMIZATION_LEVEL = "-Onone";
			};
			name = Debug;
		};
		375BC2021FB150FA00EB33D8 /* Release */ = {
			isa = XCBuildConfiguration;
			buildSettings = {
				ALWAYS_SEARCH_USER_PATHS = NO;
				CLANG_ANALYZER_NONNULL = YES;
				CLANG_ANALYZER_NUMBER_OBJECT_CONVERSION = YES_AGGRESSIVE;
				CLANG_CXX_LANGUAGE_STANDARD = "gnu++14";
				CLANG_CXX_LIBRARY = "libc++";
				CLANG_ENABLE_MODULES = YES;
				CLANG_ENABLE_OBJC_ARC = YES;
				CLANG_WARN_BLOCK_CAPTURE_AUTORELEASING = YES;
				CLANG_WARN_BOOL_CONVERSION = YES;
				CLANG_WARN_COMMA = YES;
				CLANG_WARN_CONSTANT_CONVERSION = YES;
				CLANG_WARN_DIRECT_OBJC_ISA_USAGE = YES_ERROR;
				CLANG_WARN_DOCUMENTATION_COMMENTS = YES;
				CLANG_WARN_EMPTY_BODY = YES;
				CLANG_WARN_ENUM_CONVERSION = YES;
				CLANG_WARN_INFINITE_RECURSION = YES;
				CLANG_WARN_INT_CONVERSION = YES;
				CLANG_WARN_NON_LITERAL_NULL_CONVERSION = YES;
				CLANG_WARN_OBJC_LITERAL_CONVERSION = YES;
				CLANG_WARN_OBJC_ROOT_CLASS = YES_ERROR;
				CLANG_WARN_RANGE_LOOP_ANALYSIS = YES;
				CLANG_WARN_STRICT_PROTOTYPES = YES;
				CLANG_WARN_SUSPICIOUS_MOVE = YES;
				CLANG_WARN_UNGUARDED_AVAILABILITY = YES_AGGRESSIVE;
				CLANG_WARN_UNREACHABLE_CODE = YES;
				CLANG_WARN__DUPLICATE_METHOD_MATCH = YES;
				CODE_SIGN_IDENTITY = "iPhone Developer";
				COPY_PHASE_STRIP = NO;
				DEBUG_INFORMATION_FORMAT = "dwarf-with-dsym";
				ENABLE_NS_ASSERTIONS = NO;
				ENABLE_STRICT_OBJC_MSGSEND = YES;
				GCC_C_LANGUAGE_STANDARD = gnu11;
				GCC_NO_COMMON_BLOCKS = YES;
				GCC_WARN_64_TO_32_BIT_CONVERSION = YES;
				GCC_WARN_ABOUT_RETURN_TYPE = YES_ERROR;
				GCC_WARN_UNDECLARED_SELECTOR = YES;
				GCC_WARN_UNINITIALIZED_AUTOS = YES_AGGRESSIVE;
				GCC_WARN_UNUSED_FUNCTION = YES;
				GCC_WARN_UNUSED_VARIABLE = YES;
				IPHONEOS_DEPLOYMENT_TARGET = 11.1;
				MTL_ENABLE_DEBUG_INFO = NO;
				SDKROOT = iphoneos;
				SWIFT_OPTIMIZATION_LEVEL = "-Owholemodule";
				VALIDATE_PRODUCT = YES;
			};
			name = Release;
		};
		375BC2041FB150FA00EB33D8 /* Debug */ = {
			isa = XCBuildConfiguration;
			buildSettings = {
				ASSETCATALOG_COMPILER_APPICON_NAME = AppIcon;
				CODE_SIGN_STYLE = Automatic;
				DEVELOPMENT_TEAM = YR3NU5G956;
				INFOPLIST_FILE = RainbowRoad/Info.plist;
				LD_RUNPATH_SEARCH_PATHS = "$(inherited) @executable_path/Frameworks";
				PRODUCT_BUNDLE_IDENTIFIER = iOS.RainbowRoad;
				PRODUCT_NAME = "$(TARGET_NAME)";
				SWIFT_VERSION = 4.0;
				TARGETED_DEVICE_FAMILY = "1,2";
			};
			name = Debug;
		};
		375BC2051FB150FA00EB33D8 /* Release */ = {
			isa = XCBuildConfiguration;
			buildSettings = {
				ASSETCATALOG_COMPILER_APPICON_NAME = AppIcon;
				CODE_SIGN_STYLE = Automatic;
				DEVELOPMENT_TEAM = YR3NU5G956;
				INFOPLIST_FILE = RainbowRoad/Info.plist;
				LD_RUNPATH_SEARCH_PATHS = "$(inherited) @executable_path/Frameworks";
				PRODUCT_BUNDLE_IDENTIFIER = iOS.RainbowRoad;
				PRODUCT_NAME = "$(TARGET_NAME)";
				SWIFT_VERSION = 4.0;
				TARGETED_DEVICE_FAMILY = "1,2";
			};
			name = Release;
		};
		375BC2071FB150FA00EB33D8 /* Debug */ = {
			isa = XCBuildConfiguration;
			buildSettings = {
				ALWAYS_EMBED_SWIFT_STANDARD_LIBRARIES = YES;
				CODE_SIGN_STYLE = Automatic;
				DEVELOPMENT_TEAM = YR3NU5G956;
				INFOPLIST_FILE = RainbowRoadUITests/Info.plist;
				LD_RUNPATH_SEARCH_PATHS = "$(inherited) @executable_path/Frameworks @loader_path/Frameworks";
				PRODUCT_BUNDLE_IDENTIFIER = iOS.RainbowRoadUITests;
				PRODUCT_NAME = "$(TARGET_NAME)";
				SWIFT_VERSION = 4.0;
				TARGETED_DEVICE_FAMILY = "1,2";
				TEST_TARGET_NAME = RainbowRoad;
			};
			name = Debug;
		};
		375BC2081FB150FA00EB33D8 /* Release */ = {
			isa = XCBuildConfiguration;
			buildSettings = {
				ALWAYS_EMBED_SWIFT_STANDARD_LIBRARIES = YES;
				CODE_SIGN_STYLE = Automatic;
				DEVELOPMENT_TEAM = YR3NU5G956;
				INFOPLIST_FILE = RainbowRoadUITests/Info.plist;
				LD_RUNPATH_SEARCH_PATHS = "$(inherited) @executable_path/Frameworks @loader_path/Frameworks";
				PRODUCT_BUNDLE_IDENTIFIER = iOS.RainbowRoadUITests;
				PRODUCT_NAME = "$(TARGET_NAME)";
				SWIFT_VERSION = 4.0;
				TARGETED_DEVICE_FAMILY = "1,2";
				TEST_TARGET_NAME = RainbowRoad;
			};
			name = Release;
		};
/* End XCBuildConfiguration section */

/* Begin XCConfigurationList section */
		375BC1E11FB150FA00EB33D8 /* Build configuration list for PBXProject "RainbowRoad" */ = {
			isa = XCConfigurationList;
			buildConfigurations = (
				375BC2011FB150FA00EB33D8 /* Debug */,
				375BC2021FB150FA00EB33D8 /* Release */,
			);
			defaultConfigurationIsVisible = 0;
			defaultConfigurationName = Release;
		};
		375BC2031FB150FA00EB33D8 /* Build configuration list for PBXNativeTarget "RainbowRoad" */ = {
			isa = XCConfigurationList;
			buildConfigurations = (
				375BC2041FB150FA00EB33D8 /* Debug */,
				375BC2051FB150FA00EB33D8 /* Release */,
			);
			defaultConfigurationIsVisible = 0;
			defaultConfigurationName = Release;
		};
		375BC2061FB150FA00EB33D8 /* Build configuration list for PBXNativeTarget "RainbowRoadUITests" */ = {
			isa = XCConfigurationList;
			buildConfigurations = (
				375BC2071FB150FA00EB33D8 /* Debug */,
				375BC2081FB150FA00EB33D8 /* Release */,
			);
			defaultConfigurationIsVisible = 0;
			defaultConfigurationName = Release;
		};
/* End XCConfigurationList section */
	};
	rootObject = 375BC1DE1FB150FA00EB33D8 /* Project object */;
}
